
Microsoft Visual Studio Solution File, Format Version 12.00
# Visual Studio 15
VisualStudioVersion = 15.0.27703.2035
MinimumVisualStudioVersion = 10.0.40219.1
Project("{FAE04EC0-301F-11D3-BF4B-00C04F79EFBC}") = "Jun.API", "Jun.API\Jun.API.csproj", "{5D80CE88-D661-4622-99D8-143E7575FF26}"
EndProject
Project("{FAE04EC0-301F-11D3-BF4B-00C04F79EFBC}") = "Jun.Application", "Jun.Application\Jun.Application.csproj", "{634846D8-3FE4-491F-95E6-4D833FB88021}"
EndProject
Project("{FAE04EC0-301F-11D3-BF4B-00C04F79EFBC}") = "Jun.Domain", "Jun.Domain\Jun.Domain.csproj", "{7F3BC757-199B-4EB0-901F-34C8AE35079F}"
EndProject
Project("{FAE04EC0-301F-11D3-BF4B-00C04F79EFBC}") = "Jun.Insfrastructure", "Jun.Insfrastructure\Jun.Insfrastructure.csproj", "{392C1899-4398-4DA5-B0F0-70BAA58F6F11}"
EndProject
Global
	GlobalSection(SolutionConfigurationPlatforms) = preSolution
		Debug|Any CPU = Debug|Any CPU
		Release|Any CPU = Release|Any CPU
	EndGlobalSection
	GlobalSection(ProjectConfigurationPlatforms) = postSolution
		{5D80CE88-D661-4622-99D8-143E7575FF26}.Debug|Any CPU.ActiveCfg = Debug|Any CPU
		{5D80CE88-D661-4622-99D8-143E7575FF26}.Debug|Any CPU.Build.0 = Debug|Any CPU
		{5D80CE88-D661-4622-99D8-143E7575FF26}.Release|Any CPU.ActiveCfg = Release|Any CPU
		{5D80CE88-D661-4622-99D8-143E7575FF26}.Release|Any CPU.Build.0 = Release|Any CPU
		{634846D8-3FE4-491F-95E6-4D833FB88021}.Debug|Any CPU.ActiveCfg = Debug|Any CPU
		{634846D8-3FE4-491F-95E6-4D833FB88021}.Debug|Any CPU.Build.0 = Debug|Any CPU
		{634846D8-3FE4-491F-95E6-4D833FB88021}.Release|Any CPU.ActiveCfg = Release|Any CPU
		{634846D8-3FE4-491F-95E6-4D833FB88021}.Release|Any CPU.Build.0 = Release|Any CPU
		{7F3BC757-199B-4EB0-901F-34C8AE35079F}.Debug|Any CPU.ActiveCfg = Debug|Any CPU
		{7F3BC757-199B-4EB0-901F-34C8AE35079F}.Debug|Any CPU.Build.0 = Debug|Any CPU
		{7F3BC757-199B-4EB0-901F-34C8AE35079F}.Release|Any CPU.ActiveCfg = Release|Any CPU
		{7F3BC757-199B-4EB0-901F-34C8AE35079F}.Release|Any CPU.Build.0 = Release|Any CPU
		{392C1899-4398-4DA5-B0F0-70BAA58F6F11}.Debug|Any CPU.ActiveCfg = Debug|Any CPU
		{392C1899-4398-4DA5-B0F0-70BAA58F6F11}.Debug|Any CPU.Build.0 = Debug|Any CPU
		{392C1899-4398-4DA5-B0F0-70BAA58F6F11}.Release|Any CPU.ActiveCfg = Release|Any CPU
		{392C1899-4398-4DA5-B0F0-70BAA58F6F11}.Release|Any CPU.Build.0 = Release|Any CPU
	EndGlobalSection
	GlobalSection(SolutionProperties) = preSolution
		HideSolutionNode = FALSE
	EndGlobalSection
	GlobalSection(ExtensibilityGlobals) = postSolution
		SolutionGuid = {8F2C0B41-23AF-417B-8393-7712F95F134C}
	EndGlobalSection
EndGlobal
